
Microsoft Visual Studio Solution File, Format Version 12.00
# Visual Studio Version 16
VisualStudioVersion = 16.0.808.10
MinimumVisualStudioVersion = 10.0.40219.1
Project("{FAE04EC0-301F-11D3-BF4B-00C04F79EFBC}") = "ShoppingApp.Web.UI", "ShoppingApp.Web.UI.csproj", "{AB763DFD-CE01-463D-9B4D-D006FE566278}"
EndProject
Global
	GlobalSection(SolutionConfigurationPlatforms) = preSolution
		Debug|Any CPU = Debug|Any CPU
		Release|Any CPU = Release|Any CPU
	EndGlobalSection
	GlobalSection(ProjectConfigurationPlatforms) = postSolution
		{AB763DFD-CE01-463D-9B4D-D006FE566278}.Debug|Any CPU.ActiveCfg = Debug|Any CPU
		{AB763DFD-CE01-463D-9B4D-D006FE566278}.Debug|Any CPU.Build.0 = Debug|Any CPU
		{AB763DFD-CE01-463D-9B4D-D006FE566278}.Release|Any CPU.ActiveCfg = Release|Any CPU
		{AB763DFD-CE01-463D-9B4D-D006FE566278}.Release|Any CPU.Build.0 = Release|Any CPU
	EndGlobalSection
	GlobalSection(SolutionProperties) = preSolution
		HideSolutionNode = FALSE
	EndGlobalSection
	GlobalSection(ExtensibilityGlobals) = postSolution
		SolutionGuid = {453BF837-FE83-40B5-8E6E-CF69547F0D94}
	EndGlobalSection
EndGlobal
